
Microsoft Visual Studio Solution File, Format Version 12.00
Project("{FAE04EC0-301F-11D3-BF4B-00C04F79EFBC}") = "DonkeyWork.DeviceManager.Api", "src\DonkeyWork.DeviceManager.Api\DonkeyWork.DeviceManager.Api.csproj", "{4F2F3666-6B5B-4890-87FE-FCD0775383CD}"
EndProject
Project("{FAE04EC0-301F-11D3-BF4B-00C04F79EFBC}") = "DonkeyWork.DeviceManager.DeviceClient", "src\DonkeyWork.DeviceManager.DeviceClient\DonkeyWork.DeviceManager.DeviceClient.csproj", "{E798E639-AD71-45E5-9216-9925690B106B}"
EndProject
Project("{FAE04EC0-301F-11D3-BF4B-00C04F79EFBC}") = "DonkeyWork.DeviceManager.Persistence", "src\DonkeyWork.DeviceManager.Persistence\DonkeyWork.DeviceManager.Persistence.csproj", "{EAB2E1BE-F110-4441-8574-0C9B57E6DB21}"
EndProject
Project("{FAE04EC0-301F-11D3-BF4B-00C04F79EFBC}") = "DonkeyWork.DeviceManager.Backend.Common", "src\DonkeyWork.DeviceManager.Backend.Common\DonkeyWork.DeviceManager.Backend.Common.csproj", "{4D8B8F84-5B70-433A-B81E-A6879B0386F8}"
EndProject
Project("{2150E333-8FDC-42A3-9474-1A3956D46DE8}") = "src", "src", "{827E0CD3-B72D-47B6-A68D-7590B98EB39B}"
EndProject
Project("{FAE04EC0-301F-11D3-BF4B-00C04F79EFBC}") = "DonkeyWork.DeviceManager.Common", "src\DonkeyWork.DeviceManager.Common\DonkeyWork.DeviceManager.Common.csproj", "{71557960-0646-4A70-A098-EC38F2B5DAAC}"
EndProject
Project("{2150E333-8FDC-42A3-9474-1A3956D46DE8}") = "test", "test", "{0C88DD14-F956-CE84-757C-A364CCF449FC}"
EndProject
Project("{2150E333-8FDC-42A3-9474-1A3956D46DE8}") = "backend", "backend", "{E9C86773-8877-45D9-9A7F-7566AE81A9CE}"
EndProject
Project("{2150E333-8FDC-42A3-9474-1A3956D46DE8}") = "common", "common", "{D6A4A7BA-EAF7-4907-B672-26876D6896AB}"
EndProject
Project("{2150E333-8FDC-42A3-9474-1A3956D46DE8}") = "client", "client", "{2D8C10B4-68D0-4977-BD21-48C027F621A7}"
EndProject
Global
	GlobalSection(SolutionConfigurationPlatforms) = preSolution
		Debug|Any CPU = Debug|Any CPU
		Debug|x64 = Debug|x64
		Debug|x86 = Debug|x86
		Release|Any CPU = Release|Any CPU
		Release|x64 = Release|x64
		Release|x86 = Release|x86
	EndGlobalSection
	GlobalSection(ProjectConfigurationPlatforms) = postSolution
		{4F2F3666-6B5B-4890-87FE-FCD0775383CD}.Debug|Any CPU.ActiveCfg = Debug|Any CPU
		{4F2F3666-6B5B-4890-87FE-FCD0775383CD}.Debug|Any CPU.Build.0 = Debug|Any CPU
		{4F2F3666-6B5B-4890-87FE-FCD0775383CD}.Debug|x64.ActiveCfg = Debug|Any CPU
		{4F2F3666-6B5B-4890-87FE-FCD0775383CD}.Debug|x64.Build.0 = Debug|Any CPU
		{4F2F3666-6B5B-4890-87FE-FCD0775383CD}.Debug|x86.ActiveCfg = Debug|Any CPU
		{4F2F3666-6B5B-4890-87FE-FCD0775383CD}.Debug|x86.Build.0 = Debug|Any CPU
		{4F2F3666-6B5B-4890-87FE-FCD0775383CD}.Release|Any CPU.ActiveCfg = Release|Any CPU
		{4F2F3666-6B5B-4890-87FE-FCD0775383CD}.Release|Any CPU.Build.0 = Release|Any CPU
		{4F2F3666-6B5B-4890-87FE-FCD0775383CD}.Release|x64.ActiveCfg = Release|Any CPU
		{4F2F3666-6B5B-4890-87FE-FCD0775383CD}.Release|x64.Build.0 = Release|Any CPU
		{4F2F3666-6B5B-4890-87FE-FCD0775383CD}.Release|x86.ActiveCfg = Release|Any CPU
		{4F2F3666-6B5B-4890-87FE-FCD0775383CD}.Release|x86.Build.0 = Release|Any CPU
		{E798E639-AD71-45E5-9216-9925690B106B}.Debug|Any CPU.ActiveCfg = Debug|Any CPU
		{E798E639-AD71-45E5-9216-9925690B106B}.Debug|Any CPU.Build.0 = Debug|Any CPU
		{E798E639-AD71-45E5-9216-9925690B106B}.Debug|x64.ActiveCfg = Debug|Any CPU
		{E798E639-AD71-45E5-9216-9925690B106B}.Debug|x64.Build.0 = Debug|Any CPU
		{E798E639-AD71-45E5-9216-9925690B106B}.Debug|x86.ActiveCfg = Debug|Any CPU
		{E798E639-AD71-45E5-9216-9925690B106B}.Debug|x86.Build.0 = Debug|Any CPU
		{E798E639-AD71-45E5-9216-9925690B106B}.Release|Any CPU.ActiveCfg = Release|Any CPU
		{E798E639-AD71-45E5-9216-9925690B106B}.Release|Any CPU.Build.0 = Release|Any CPU
		{E798E639-AD71-45E5-9216-9925690B106B}.Release|x64.ActiveCfg = Release|Any CPU
		{E798E639-AD71-45E5-9216-9925690B106B}.Release|x64.Build.0 = Release|Any CPU
		{E798E639-AD71-45E5-9216-9925690B106B}.Release|x86.ActiveCfg = Release|Any CPU
		{E798E639-AD71-45E5-9216-9925690B106B}.Release|x86.Build.0 = Release|Any CPU
		{EAB2E1BE-F110-4441-8574-0C9B57E6DB21}.Debug|Any CPU.ActiveCfg = Debug|Any CPU
		{EAB2E1BE-F110-4441-8574-0C9B57E6DB21}.Debug|Any CPU.Build.0 = Debug|Any CPU
		{EAB2E1BE-F110-4441-8574-0C9B57E6DB21}.Debug|x64.ActiveCfg = Debug|Any CPU
		{EAB2E1BE-F110-4441-8574-0C9B57E6DB21}.Debug|x64.Build.0 = Debug|Any CPU
		{EAB2E1BE-F110-4441-8574-0C9B57E6DB21}.Debug|x86.ActiveCfg = Debug|Any CPU
		{EAB2E1BE-F110-4441-8574-0C9B57E6DB21}.Debug|x86.Build.0 = Debug|Any CPU
		{EAB2E1BE-F110-4441-8574-0C9B57E6DB21}.Release|Any CPU.ActiveCfg = Release|Any CPU
		{EAB2E1BE-F110-4441-8574-0C9B57E6DB21}.Release|Any CPU.Build.0 = Release|Any CPU
		{EAB2E1BE-F110-4441-8574-0C9B57E6DB21}.Release|x64.ActiveCfg = Release|Any CPU
		{EAB2E1BE-F110-4441-8574-0C9B57E6DB21}.Release|x64.Build.0 = Release|Any CPU
		{EAB2E1BE-F110-4441-8574-0C9B57E6DB21}.Release|x86.ActiveCfg = Release|Any CPU
		{EAB2E1BE-F110-4441-8574-0C9B57E6DB21}.Release|x86.Build.0 = Release|Any CPU
		{4D8B8F84-5B70-433A-B81E-A6879B0386F8}.Debug|Any CPU.ActiveCfg = Debug|Any CPU
		{4D8B8F84-5B70-433A-B81E-A6879B0386F8}.Debug|Any CPU.Build.0 = Debug|Any CPU
		{4D8B8F84-5B70-433A-B81E-A6879B0386F8}.Debug|x64.ActiveCfg = Debug|Any CPU
		{4D8B8F84-5B70-433A-B81E-A6879B0386F8}.Debug|x64.Build.0 = Debug|Any CPU
		{4D8B8F84-5B70-433A-B81E-A6879B0386F8}.Debug|x86.ActiveCfg = Debug|Any CPU
		{4D8B8F84-5B70-433A-B81E-A6879B0386F8}.Debug|x86.Build.0 = Debug|Any CPU
		{4D8B8F84-5B70-433A-B81E-A6879B0386F8}.Release|Any CPU.ActiveCfg = Release|Any CPU
		{4D8B8F84-5B70-433A-B81E-A6879B0386F8}.Release|Any CPU.Build.0 = Release|Any CPU
		{4D8B8F84-5B70-433A-B81E-A6879B0386F8}.Release|x64.ActiveCfg = Release|Any CPU
		{4D8B8F84-5B70-433A-B81E-A6879B0386F8}.Release|x64.Build.0 = Release|Any CPU
		{4D8B8F84-5B70-433A-B81E-A6879B0386F8}.Release|x86.ActiveCfg = Release|Any CPU
		{4D8B8F84-5B70-433A-B81E-A6879B0386F8}.Release|x86.Build.0 = Release|Any CPU
		{71557960-0646-4A70-A098-EC38F2B5DAAC}.Debug|Any CPU.ActiveCfg = Debug|Any CPU
		{71557960-0646-4A70-A098-EC38F2B5DAAC}.Debug|Any CPU.Build.0 = Debug|Any CPU
		{71557960-0646-4A70-A098-EC38F2B5DAAC}.Debug|x64.ActiveCfg = Debug|Any CPU
		{71557960-0646-4A70-A098-EC38F2B5DAAC}.Debug|x64.Build.0 = Debug|Any CPU
		{71557960-0646-4A70-A098-EC38F2B5DAAC}.Debug|x86.ActiveCfg = Debug|Any CPU
		{71557960-0646-4A70-A098-EC38F2B5DAAC}.Debug|x86.Build.0 = Debug|Any CPU
		{71557960-0646-4A70-A098-EC38F2B5DAAC}.Release|Any CPU.ActiveCfg = Release|Any CPU
		{71557960-0646-4A70-A098-EC38F2B5DAAC}.Release|Any CPU.Build.0 = Release|Any CPU
		{71557960-0646-4A70-A098-EC38F2B5DAAC}.Release|x64.ActiveCfg = Release|Any CPU
		{71557960-0646-4A70-A098-EC38F2B5DAAC}.Release|x64.Build.0 = Release|Any CPU
		{71557960-0646-4A70-A098-EC38F2B5DAAC}.Release|x86.ActiveCfg = Release|Any CPU
		{71557960-0646-4A70-A098-EC38F2B5DAAC}.Release|x86.Build.0 = Release|Any CPU
	EndGlobalSection
	GlobalSection(SolutionProperties) = preSolution
		HideSolutionNode = FALSE
	EndGlobalSection
	GlobalSection(NestedProjects) = preSolution
		{4F2F3666-6B5B-4890-87FE-FCD0775383CD} = {E9C86773-8877-45D9-9A7F-7566AE81A9CE}
		{E798E639-AD71-45E5-9216-9925690B106B} = {2D8C10B4-68D0-4977-BD21-48C027F621A7}
		{EAB2E1BE-F110-4441-8574-0C9B57E6DB21} = {E9C86773-8877-45D9-9A7F-7566AE81A9CE}
		{4D8B8F84-5B70-433A-B81E-A6879B0386F8} = {D6A4A7BA-EAF7-4907-B672-26876D6896AB}
		{71557960-0646-4A70-A098-EC38F2B5DAAC} = {D6A4A7BA-EAF7-4907-B672-26876D6896AB}
		{E9C86773-8877-45D9-9A7F-7566AE81A9CE} = {827E0CD3-B72D-47B6-A68D-7590B98EB39B}
		{D6A4A7BA-EAF7-4907-B672-26876D6896AB} = {827E0CD3-B72D-47B6-A68D-7590B98EB39B}
		{2D8C10B4-68D0-4977-BD21-48C027F621A7} = {827E0CD3-B72D-47B6-A68D-7590B98EB39B}
	EndGlobalSection
EndGlobal
